
Microsoft Visual Studio Solution File, Format Version 12.00
# Visual Studio 15
VisualStudioVersion = 15.0.26730.10
MinimumVisualStudioVersion = 10.0.40219.1
Project("{8BC9CEB8-8B4A-11D0-8D11-00A0C91BC942}") = "PassThruLogger", "PassThruLogger\PassThruLogger.vcxproj", "{623C748A-BA93-4EBF-BBF0-0FAF3CDF7720}"
EndProject
Project("{FAE04EC0-301F-11D3-BF4B-00C04F79EFBC}") = "PassThruLoggerControl", "PassThruLoggerControl\PassThruLoggerControl.csproj", "{F49DA537-95A1-45BF-8F76-6E76DE497135}"
EndProject
Project("{FAE04EC0-301F-11D3-BF4B-00C04F79EFBC}") = "SampleClient", "SampleClient\SampleClient.csproj", "{E3AF4E33-6FF2-4E9E-884C-9ED9EB022663}"
EndProject
Global
	GlobalSection(SolutionConfigurationPlatforms) = preSolution
		Debug|Any CPU = Debug|Any CPU
		Debug|x86 = Debug|x86
		Release|Any CPU = Release|Any CPU
		Release|x86 = Release|x86
	EndGlobalSection
	GlobalSection(ProjectConfigurationPlatforms) = postSolution
		{623C748A-BA93-4EBF-BBF0-0FAF3CDF7720}.Debug|Any CPU.ActiveCfg = Debug|Win32
		{623C748A-BA93-4EBF-BBF0-0FAF3CDF7720}.Debug|x86.ActiveCfg = Debug|Win32
		{623C748A-BA93-4EBF-BBF0-0FAF3CDF7720}.Debug|x86.Build.0 = Debug|Win32
		{623C748A-BA93-4EBF-BBF0-0FAF3CDF7720}.Release|Any CPU.ActiveCfg = Release|Win32
		{623C748A-BA93-4EBF-BBF0-0FAF3CDF7720}.Release|x86.ActiveCfg = Release|Win32
		{623C748A-BA93-4EBF-BBF0-0FAF3CDF7720}.Release|x86.Build.0 = Release|Win32
		{F49DA537-95A1-45BF-8F76-6E76DE497135}.Debug|Any CPU.ActiveCfg = Debug|Any CPU
		{F49DA537-95A1-45BF-8F76-6E76DE497135}.Debug|Any CPU.Build.0 = Debug|Any CPU
		{F49DA537-95A1-45BF-8F76-6E76DE497135}.Debug|x86.ActiveCfg = Debug|Any CPU
		{F49DA537-95A1-45BF-8F76-6E76DE497135}.Debug|x86.Build.0 = Debug|Any CPU
		{F49DA537-95A1-45BF-8F76-6E76DE497135}.Release|Any CPU.ActiveCfg = Release|Any CPU
		{F49DA537-95A1-45BF-8F76-6E76DE497135}.Release|Any CPU.Build.0 = Release|Any CPU
		{F49DA537-95A1-45BF-8F76-6E76DE497135}.Release|x86.ActiveCfg = Release|Any CPU
		{F49DA537-95A1-45BF-8F76-6E76DE497135}.Release|x86.Build.0 = Release|Any CPU
		{E3AF4E33-6FF2-4E9E-884C-9ED9EB022663}.Debug|Any CPU.ActiveCfg = Debug|Any CPU
		{E3AF4E33-6FF2-4E9E-884C-9ED9EB022663}.Debug|Any CPU.Build.0 = Debug|Any CPU
		{E3AF4E33-6FF2-4E9E-884C-9ED9EB022663}.Debug|x86.ActiveCfg = Debug|Any CPU
		{E3AF4E33-6FF2-4E9E-884C-9ED9EB022663}.Debug|x86.Build.0 = Debug|Any CPU
		{E3AF4E33-6FF2-4E9E-884C-9ED9EB022663}.Release|Any CPU.ActiveCfg = Release|Any CPU
		{E3AF4E33-6FF2-4E9E-884C-9ED9EB022663}.Release|Any CPU.Build.0 = Release|Any CPU
		{E3AF4E33-6FF2-4E9E-884C-9ED9EB022663}.Release|x86.ActiveCfg = Release|Any CPU
		{E3AF4E33-6FF2-4E9E-884C-9ED9EB022663}.Release|x86.Build.0 = Release|Any CPU
	EndGlobalSection
	GlobalSection(SolutionProperties) = preSolution
		HideSolutionNode = FALSE
	EndGlobalSection
	GlobalSection(ExtensibilityGlobals) = postSolution
		SolutionGuid = {8762D717-8995-4F11-BD6F-5A45FF5CC060}
	EndGlobalSection
EndGlobal
